
Microsoft Visual Studio Solution File, Format Version 12.00
# Visual Studio Version 17
VisualStudioVersion = 17.13.35919.96
MinimumVisualStudioVersion = 10.0.40219.1
Project("{FAE04EC0-301F-11D3-BF4B-00C04F79EFBC}") = "GestaContinua.Application", "GestaContinua.Application\GestaContinua.Application.csproj", "{A6243C3B-973B-4216-B176-5132ECA8E46B}"
EndProject
Project("{FAE04EC0-301F-11D3-BF4B-00C04F79EFBC}") = "GestaContinua.Domain", "GestaContinua.Domain\GestaContinua.Domain.csproj", "{72BBDEB6-CF68-4EE6-A573-3E052CA75722}"
EndProject
Project("{2150E333-8FDC-42A3-9474-1A3956D46DE8}") = "Presentations", "Presentations", "{02EA681E-C7D8-13C7-8484-4AC65E1B71E8}"
EndProject
Project("{FAE04EC0-301F-11D3-BF4B-00C04F79EFBC}") = "GestaContinua.WebApi", "GestaContinua.WebApi\GestaContinua.WebApi.csproj", "{D5252FD1-E629-4F33-BF0B-81FC756EFF76}"
EndProject
Global
	GlobalSection(SolutionConfigurationPlatforms) = preSolution
		Debug|Any CPU = Debug|Any CPU
		Release|Any CPU = Release|Any CPU
	EndGlobalSection
	GlobalSection(ProjectConfigurationPlatforms) = postSolution
		{A6243C3B-973B-4216-B176-5132ECA8E46B}.Debug|Any CPU.ActiveCfg = Debug|Any CPU
		{A6243C3B-973B-4216-B176-5132ECA8E46B}.Debug|Any CPU.Build.0 = Debug|Any CPU
		{A6243C3B-973B-4216-B176-5132ECA8E46B}.Release|Any CPU.ActiveCfg = Release|Any CPU
		{A6243C3B-973B-4216-B176-5132ECA8E46B}.Release|Any CPU.Build.0 = Release|Any CPU
		{72BBDEB6-CF68-4EE6-A573-3E052CA75722}.Debug|Any CPU.ActiveCfg = Debug|Any CPU
		{72BBDEB6-CF68-4EE6-A573-3E052CA75722}.Debug|Any CPU.Build.0 = Debug|Any CPU
		{72BBDEB6-CF68-4EE6-A573-3E052CA75722}.Release|Any CPU.ActiveCfg = Release|Any CPU
		{72BBDEB6-CF68-4EE6-A573-3E052CA75722}.Release|Any CPU.Build.0 = Release|Any CPU
		{D5252FD1-E629-4F33-BF0B-81FC756EFF76}.Debug|Any CPU.ActiveCfg = Debug|Any CPU
		{D5252FD1-E629-4F33-BF0B-81FC756EFF76}.Debug|Any CPU.Build.0 = Debug|Any CPU
		{D5252FD1-E629-4F33-BF0B-81FC756EFF76}.Release|Any CPU.ActiveCfg = Release|Any CPU
		{D5252FD1-E629-4F33-BF0B-81FC756EFF76}.Release|Any CPU.Build.0 = Release|Any CPU
	EndGlobalSection
	GlobalSection(SolutionProperties) = preSolution
		HideSolutionNode = FALSE
	EndGlobalSection
	GlobalSection(NestedProjects) = preSolution
		{D5252FD1-E629-4F33-BF0B-81FC756EFF76} = {02EA681E-C7D8-13C7-8484-4AC65E1B71E8}
	EndGlobalSection
	GlobalSection(ExtensibilityGlobals) = postSolution
		SolutionGuid = {57DEE100-0C1F-4436-BF01-2CA1EAF81CB5}
	EndGlobalSection
EndGlobal
